
Microsoft Visual Studio Solution File, Format Version 12.00
# Visual Studio Version 17
VisualStudioVersion = 17.4.33103.184
MinimumVisualStudioVersion = 10.0.40219.1
Project("{FAE04EC0-301F-11D3-BF4B-00C04F79EFBC}") = "Padoca", "Padoca\Padoca.csproj", "{A20037B3-EB8F-45D4-A89C-1F3FC32E047B}"
EndProject
Global
	GlobalSection(SolutionConfigurationPlatforms) = preSolution
		Debug|Any CPU = Debug|Any CPU
		Release|Any CPU = Release|Any CPU
	EndGlobalSection
	GlobalSection(ProjectConfigurationPlatforms) = postSolution
		{A20037B3-EB8F-45D4-A89C-1F3FC32E047B}.Debug|Any CPU.ActiveCfg = Debug|Any CPU
		{A20037B3-EB8F-45D4-A89C-1F3FC32E047B}.Debug|Any CPU.Build.0 = Debug|Any CPU
		{A20037B3-EB8F-45D4-A89C-1F3FC32E047B}.Release|Any CPU.ActiveCfg = Release|Any CPU
		{A20037B3-EB8F-45D4-A89C-1F3FC32E047B}.Release|Any CPU.Build.0 = Release|Any CPU
	EndGlobalSection
	GlobalSection(SolutionProperties) = preSolution
		HideSolutionNode = FALSE
	EndGlobalSection
	GlobalSection(ExtensibilityGlobals) = postSolution
		SolutionGuid = {9A8EB31A-E780-40E7-A04E-A454FCA05A04}
	EndGlobalSection
EndGlobal
